
Microsoft Visual Studio Solution File, Format Version 12.00
# Visual Studio Version 17
VisualStudioVersion = 17.6.33801.468
MinimumVisualStudioVersion = 10.0.40219.1
Project("{FAE04EC0-301F-11D3-BF4B-00C04F79EFBC}") = "LabWork-678", "LabWork-678\LabWork-678.csproj", "{51AEF1C0-401B-4219-906A-D3AC9AE16B6B}"
EndProject
Global
	GlobalSection(SolutionConfigurationPlatforms) = preSolution
		Debug|Any CPU = Debug|Any CPU
		Release|Any CPU = Release|Any CPU
	EndGlobalSection
	GlobalSection(ProjectConfigurationPlatforms) = postSolution
		{51AEF1C0-401B-4219-906A-D3AC9AE16B6B}.Debug|Any CPU.ActiveCfg = Debug|Any CPU
		{51AEF1C0-401B-4219-906A-D3AC9AE16B6B}.Debug|Any CPU.Build.0 = Debug|Any CPU
		{51AEF1C0-401B-4219-906A-D3AC9AE16B6B}.Release|Any CPU.ActiveCfg = Release|Any CPU
		{51AEF1C0-401B-4219-906A-D3AC9AE16B6B}.Release|Any CPU.Build.0 = Release|Any CPU
	EndGlobalSection
	GlobalSection(SolutionProperties) = preSolution
		HideSolutionNode = FALSE
	EndGlobalSection
	GlobalSection(ExtensibilityGlobals) = postSolution
		SolutionGuid = {E850CC73-343A-491C-86C6-E1DB7553E761}
	EndGlobalSection
EndGlobal
